
Microsoft Visual Studio Solution File, Format Version 12.00
# Visual Studio Version 17
VisualStudioVersion = 17.14.36511.14 d17.14
MinimumVisualStudioVersion = 10.0.40219.1
Project("{FAE04EC0-301F-11D3-BF4B-00C04F79EFBC}") = "ToolsKontrol", "ToolsKontrol.csproj", "{D8B62295-3C03-4D15-825E-E9333459DC46}"
EndProject
Global
	GlobalSection(SolutionConfigurationPlatforms) = preSolution
		Debug|Any CPU = Debug|Any CPU
		Release|Any CPU = Release|Any CPU
	EndGlobalSection
	GlobalSection(ProjectConfigurationPlatforms) = postSolution
		{D8B62295-3C03-4D15-825E-E9333459DC46}.Debug|Any CPU.ActiveCfg = Debug|Any CPU
		{D8B62295-3C03-4D15-825E-E9333459DC46}.Debug|Any CPU.Build.0 = Debug|Any CPU
		{D8B62295-3C03-4D15-825E-E9333459DC46}.Release|Any CPU.ActiveCfg = Release|Any CPU
		{D8B62295-3C03-4D15-825E-E9333459DC46}.Release|Any CPU.Build.0 = Release|Any CPU
	EndGlobalSection
	GlobalSection(SolutionProperties) = preSolution
		HideSolutionNode = FALSE
	EndGlobalSection
	GlobalSection(ExtensibilityGlobals) = postSolution
		SolutionGuid = {F4EED39D-CE20-4605-BA79-F665CB348195}
	EndGlobalSection
EndGlobal
